
Microsoft Visual Studio Solution File, Format Version 12.00
# Visual Studio Version 17
VisualStudioVersion = 17.9.34622.214
MinimumVisualStudioVersion = 10.0.40219.1
Project("{FAE04EC0-301F-11D3-BF4B-00C04F79EFBC}") = "Cooking", "Cooking\Cooking.csproj", "{C204D740-66A3-4EB6-AD7B-1C4C24FF8625}"
EndProject
Global
	GlobalSection(SolutionConfigurationPlatforms) = preSolution
		Debug|Any CPU = Debug|Any CPU
		Release|Any CPU = Release|Any CPU
	EndGlobalSection
	GlobalSection(ProjectConfigurationPlatforms) = postSolution
		{C204D740-66A3-4EB6-AD7B-1C4C24FF8625}.Debug|Any CPU.ActiveCfg = Debug|Any CPU
		{C204D740-66A3-4EB6-AD7B-1C4C24FF8625}.Debug|Any CPU.Build.0 = Debug|Any CPU
		{C204D740-66A3-4EB6-AD7B-1C4C24FF8625}.Release|Any CPU.ActiveCfg = Release|Any CPU
		{C204D740-66A3-4EB6-AD7B-1C4C24FF8625}.Release|Any CPU.Build.0 = Release|Any CPU
	EndGlobalSection
	GlobalSection(SolutionProperties) = preSolution
		HideSolutionNode = FALSE
	EndGlobalSection
	GlobalSection(ExtensibilityGlobals) = postSolution
		SolutionGuid = {3EAAF0A6-EA61-4FDA-8EF2-624C980A5188}
	EndGlobalSection
EndGlobal
